
Microsoft Visual Studio Solution File, Format Version 12.00
# Visual Studio Version 17
VisualStudioVersion = 17.4.33103.184
MinimumVisualStudioVersion = 10.0.40219.1
Project("{FAE04EC0-301F-11D3-BF4B-00C04F79EFBC}") = "DNT390_ViewComPonentPartialViewLab2", "DNT390_ViewComPonentPartialViewLab2\DNT390_ViewComPonentPartialViewLab2.csproj", "{661E1C72-C27D-42A5-A482-F3173484F465}"
EndProject
Global
	GlobalSection(SolutionConfigurationPlatforms) = preSolution
		Debug|Any CPU = Debug|Any CPU
		Release|Any CPU = Release|Any CPU
	EndGlobalSection
	GlobalSection(ProjectConfigurationPlatforms) = postSolution
		{661E1C72-C27D-42A5-A482-F3173484F465}.Debug|Any CPU.ActiveCfg = Debug|Any CPU
		{661E1C72-C27D-42A5-A482-F3173484F465}.Debug|Any CPU.Build.0 = Debug|Any CPU
		{661E1C72-C27D-42A5-A482-F3173484F465}.Release|Any CPU.ActiveCfg = Release|Any CPU
		{661E1C72-C27D-42A5-A482-F3173484F465}.Release|Any CPU.Build.0 = Release|Any CPU
	EndGlobalSection
	GlobalSection(SolutionProperties) = preSolution
		HideSolutionNode = FALSE
	EndGlobalSection
	GlobalSection(ExtensibilityGlobals) = postSolution
		SolutionGuid = {13C22F21-E59B-4FB7-9774-578020D09524}
	EndGlobalSection
EndGlobal
